
Microsoft Visual Studio Solution File, Format Version 12.00
# Visual Studio Version 16
VisualStudioVersion = 16.0.30517.126
MinimumVisualStudioVersion = 10.0.40219.1
Project("{FAE04EC0-301F-11D3-BF4B-00C04F79EFBC}") = "Stack.Arrays", "Stack.Arrays\Stack.Arrays.csproj", "{6346FDFB-2EB0-41FE-8402-1438CD42108D}"
EndProject
Global
	GlobalSection(SolutionConfigurationPlatforms) = preSolution
		Debug|Any CPU = Debug|Any CPU
		Release|Any CPU = Release|Any CPU
	EndGlobalSection
	GlobalSection(ProjectConfigurationPlatforms) = postSolution
		{6346FDFB-2EB0-41FE-8402-1438CD42108D}.Debug|Any CPU.ActiveCfg = Debug|Any CPU
		{6346FDFB-2EB0-41FE-8402-1438CD42108D}.Debug|Any CPU.Build.0 = Debug|Any CPU
		{6346FDFB-2EB0-41FE-8402-1438CD42108D}.Release|Any CPU.ActiveCfg = Release|Any CPU
		{6346FDFB-2EB0-41FE-8402-1438CD42108D}.Release|Any CPU.Build.0 = Release|Any CPU
	EndGlobalSection
	GlobalSection(SolutionProperties) = preSolution
		HideSolutionNode = FALSE
	EndGlobalSection
	GlobalSection(ExtensibilityGlobals) = postSolution
		SolutionGuid = {CE10DB29-5998-4A08-99F8-9E03757E88E5}
	EndGlobalSection
EndGlobal
