
Microsoft Visual Studio Solution File, Format Version 12.00
# Visual Studio Version 17
VisualStudioVersion = 17.2.32616.157
MinimumVisualStudioVersion = 10.0.40219.1
Project("{FAE04EC0-301F-11D3-BF4B-00C04F79EFBC}") = "Doubly.LinkedList", "Doubly.LinkedList\Doubly.LinkedList.csproj", "{C5AFD0B3-A708-4861-9B9F-0928CC130E9C}"
EndProject
Global
	GlobalSection(SolutionConfigurationPlatforms) = preSolution
		Debug|Any CPU = Debug|Any CPU
		Release|Any CPU = Release|Any CPU
	EndGlobalSection
	GlobalSection(ProjectConfigurationPlatforms) = postSolution
		{C5AFD0B3-A708-4861-9B9F-0928CC130E9C}.Debug|Any CPU.ActiveCfg = Debug|Any CPU
		{C5AFD0B3-A708-4861-9B9F-0928CC130E9C}.Debug|Any CPU.Build.0 = Debug|Any CPU
		{C5AFD0B3-A708-4861-9B9F-0928CC130E9C}.Release|Any CPU.ActiveCfg = Release|Any CPU
		{C5AFD0B3-A708-4861-9B9F-0928CC130E9C}.Release|Any CPU.Build.0 = Release|Any CPU
	EndGlobalSection
	GlobalSection(SolutionProperties) = preSolution
		HideSolutionNode = FALSE
	EndGlobalSection
	GlobalSection(ExtensibilityGlobals) = postSolution
		SolutionGuid = {05591719-DA74-4728-8731-99D88FD0C3AB}
	EndGlobalSection
EndGlobal
